
Microsoft Visual Studio Solution File, Format Version 12.00
# Visual Studio 14
VisualStudioVersion = 14.0.25123.0
MinimumVisualStudioVersion = 10.0.40219.1
Project("{FAE04EC0-301F-11D3-BF4B-00C04F79EFBC}") = "1. SimpleSend", "SimpleSend\1. SimpleSend.csproj", "{1CEE3A61-86D5-498A-AD06-13C434F37EBC}"
EndProject
Project("{FAE04EC0-301F-11D3-BF4B-00C04F79EFBC}") = "Messages", "Messages\Messages.csproj", "{7F64800F-235D-4BD7-A98D-4C23216BF851}"
EndProject
Project("{FAE04EC0-301F-11D3-BF4B-00C04F79EFBC}") = "1. SimpleReceive", "SimpleReceive\1. SimpleReceive.csproj", "{47D67B00-62B5-4313-9135-9D1583B33FE9}"
EndProject
Project("{FAE04EC0-301F-11D3-BF4B-00C04F79EFBC}") = "2. TransactionalReceive", "TransactionalReceive\2. TransactionalReceive.csproj", "{90B3928B-9E55-406F-A8AA-C5BD2FC534A0}"
EndProject
Project("{FAE04EC0-301F-11D3-BF4B-00C04F79EFBC}") = "2. TransactionalSend", "TransactionalSend\2. TransactionalSend.csproj", "{120CE930-82C1-4EB0-A8A7-BAFF44E04C63}"
EndProject
Project("{FAE04EC0-301F-11D3-BF4B-00C04F79EFBC}") = "3. SimpleTypeBasedRoutingSend", "SimpleTypeBasedRouting\3. SimpleTypeBasedRoutingSend.csproj", "{06E3FB88-2B1B-404B-9C2E-37B49C7DEFAC}"
EndProject
Project("{FAE04EC0-301F-11D3-BF4B-00C04F79EFBC}") = "3. TypeBasedManufacturer", "TypeBasedManufacturer\3. TypeBasedManufacturer.csproj", "{F8EE481B-E70D-4E4A-A330-A579AAB1FF96}"
EndProject
Project("{FAE04EC0-301F-11D3-BF4B-00C04F79EFBC}") = "3. TypeBasedCentralCommand", "TypeBasedCentralCommand\3. TypeBasedCentralCommand.csproj", "{411C388A-6BFD-478D-AFCF-17320298139F}"
EndProject
Project("{FAE04EC0-301F-11D3-BF4B-00C04F79EFBC}") = "SimplePubSubSend", "SimplePubSubSend\SimplePubSubSend.csproj", "{51567C94-4321-4C0B-AC6B-B3FDEBAA4E89}"
EndProject
Project("{FAE04EC0-301F-11D3-BF4B-00C04F79EFBC}") = "SimplePubSubBus", "SimplePubSubBus\SimplePubSubBus.csproj", "{D224F42E-1577-427F-BDB9-35C10223776E}"
EndProject
Project("{FAE04EC0-301F-11D3-BF4B-00C04F79EFBC}") = "SimplePubSubCentralCommand", "SimplePubSubCentralCommand\SimplePubSubCentralCommand.csproj", "{BE6E84A6-D459-4E3B-BEE0-449FE56230B2}"
EndProject
Project("{FAE04EC0-301F-11D3-BF4B-00C04F79EFBC}") = "SimplePubSubManufacturer", "PubSubManufacturer\SimplePubSubManufacturer.csproj", "{411E637E-918C-40C0-B410-3C2B28285B1C}"
EndProject
Global
	GlobalSection(SolutionConfigurationPlatforms) = preSolution
		Debug|Any CPU = Debug|Any CPU
		Release|Any CPU = Release|Any CPU
	EndGlobalSection
	GlobalSection(ProjectConfigurationPlatforms) = postSolution
		{1CEE3A61-86D5-498A-AD06-13C434F37EBC}.Debug|Any CPU.ActiveCfg = Debug|Any CPU
		{1CEE3A61-86D5-498A-AD06-13C434F37EBC}.Debug|Any CPU.Build.0 = Debug|Any CPU
		{1CEE3A61-86D5-498A-AD06-13C434F37EBC}.Release|Any CPU.ActiveCfg = Release|Any CPU
		{1CEE3A61-86D5-498A-AD06-13C434F37EBC}.Release|Any CPU.Build.0 = Release|Any CPU
		{7F64800F-235D-4BD7-A98D-4C23216BF851}.Debug|Any CPU.ActiveCfg = Debug|Any CPU
		{7F64800F-235D-4BD7-A98D-4C23216BF851}.Debug|Any CPU.Build.0 = Debug|Any CPU
		{7F64800F-235D-4BD7-A98D-4C23216BF851}.Release|Any CPU.ActiveCfg = Release|Any CPU
		{7F64800F-235D-4BD7-A98D-4C23216BF851}.Release|Any CPU.Build.0 = Release|Any CPU
		{47D67B00-62B5-4313-9135-9D1583B33FE9}.Debug|Any CPU.ActiveCfg = Debug|Any CPU
		{47D67B00-62B5-4313-9135-9D1583B33FE9}.Debug|Any CPU.Build.0 = Debug|Any CPU
		{47D67B00-62B5-4313-9135-9D1583B33FE9}.Release|Any CPU.ActiveCfg = Release|Any CPU
		{47D67B00-62B5-4313-9135-9D1583B33FE9}.Release|Any CPU.Build.0 = Release|Any CPU
		{90B3928B-9E55-406F-A8AA-C5BD2FC534A0}.Debug|Any CPU.ActiveCfg = Debug|Any CPU
		{90B3928B-9E55-406F-A8AA-C5BD2FC534A0}.Debug|Any CPU.Build.0 = Debug|Any CPU
		{90B3928B-9E55-406F-A8AA-C5BD2FC534A0}.Release|Any CPU.ActiveCfg = Release|Any CPU
		{90B3928B-9E55-406F-A8AA-C5BD2FC534A0}.Release|Any CPU.Build.0 = Release|Any CPU
		{120CE930-82C1-4EB0-A8A7-BAFF44E04C63}.Debug|Any CPU.ActiveCfg = Debug|Any CPU
		{120CE930-82C1-4EB0-A8A7-BAFF44E04C63}.Debug|Any CPU.Build.0 = Debug|Any CPU
		{120CE930-82C1-4EB0-A8A7-BAFF44E04C63}.Release|Any CPU.ActiveCfg = Release|Any CPU
		{120CE930-82C1-4EB0-A8A7-BAFF44E04C63}.Release|Any CPU.Build.0 = Release|Any CPU
		{06E3FB88-2B1B-404B-9C2E-37B49C7DEFAC}.Debug|Any CPU.ActiveCfg = Debug|Any CPU
		{06E3FB88-2B1B-404B-9C2E-37B49C7DEFAC}.Debug|Any CPU.Build.0 = Debug|Any CPU
		{06E3FB88-2B1B-404B-9C2E-37B49C7DEFAC}.Release|Any CPU.ActiveCfg = Release|Any CPU
		{06E3FB88-2B1B-404B-9C2E-37B49C7DEFAC}.Release|Any CPU.Build.0 = Release|Any CPU
		{F8EE481B-E70D-4E4A-A330-A579AAB1FF96}.Debug|Any CPU.ActiveCfg = Debug|Any CPU
		{F8EE481B-E70D-4E4A-A330-A579AAB1FF96}.Debug|Any CPU.Build.0 = Debug|Any CPU
		{F8EE481B-E70D-4E4A-A330-A579AAB1FF96}.Release|Any CPU.ActiveCfg = Release|Any CPU
		{F8EE481B-E70D-4E4A-A330-A579AAB1FF96}.Release|Any CPU.Build.0 = Release|Any CPU
		{411C388A-6BFD-478D-AFCF-17320298139F}.Debug|Any CPU.ActiveCfg = Debug|Any CPU
		{411C388A-6BFD-478D-AFCF-17320298139F}.Debug|Any CPU.Build.0 = Debug|Any CPU
		{411C388A-6BFD-478D-AFCF-17320298139F}.Release|Any CPU.ActiveCfg = Release|Any CPU
		{411C388A-6BFD-478D-AFCF-17320298139F}.Release|Any CPU.Build.0 = Release|Any CPU
		{51567C94-4321-4C0B-AC6B-B3FDEBAA4E89}.Debug|Any CPU.ActiveCfg = Debug|Any CPU
		{51567C94-4321-4C0B-AC6B-B3FDEBAA4E89}.Debug|Any CPU.Build.0 = Debug|Any CPU
		{51567C94-4321-4C0B-AC6B-B3FDEBAA4E89}.Release|Any CPU.ActiveCfg = Release|Any CPU
		{51567C94-4321-4C0B-AC6B-B3FDEBAA4E89}.Release|Any CPU.Build.0 = Release|Any CPU
		{D224F42E-1577-427F-BDB9-35C10223776E}.Debug|Any CPU.ActiveCfg = Debug|Any CPU
		{D224F42E-1577-427F-BDB9-35C10223776E}.Debug|Any CPU.Build.0 = Debug|Any CPU
		{D224F42E-1577-427F-BDB9-35C10223776E}.Release|Any CPU.ActiveCfg = Release|Any CPU
		{D224F42E-1577-427F-BDB9-35C10223776E}.Release|Any CPU.Build.0 = Release|Any CPU
		{BE6E84A6-D459-4E3B-BEE0-449FE56230B2}.Debug|Any CPU.ActiveCfg = Debug|Any CPU
		{BE6E84A6-D459-4E3B-BEE0-449FE56230B2}.Debug|Any CPU.Build.0 = Debug|Any CPU
		{BE6E84A6-D459-4E3B-BEE0-449FE56230B2}.Release|Any CPU.ActiveCfg = Release|Any CPU
		{BE6E84A6-D459-4E3B-BEE0-449FE56230B2}.Release|Any CPU.Build.0 = Release|Any CPU
		{411E637E-918C-40C0-B410-3C2B28285B1C}.Debug|Any CPU.ActiveCfg = Debug|Any CPU
		{411E637E-918C-40C0-B410-3C2B28285B1C}.Debug|Any CPU.Build.0 = Debug|Any CPU
		{411E637E-918C-40C0-B410-3C2B28285B1C}.Release|Any CPU.ActiveCfg = Release|Any CPU
		{411E637E-918C-40C0-B410-3C2B28285B1C}.Release|Any CPU.Build.0 = Release|Any CPU
	EndGlobalSection
	GlobalSection(SolutionProperties) = preSolution
		HideSolutionNode = FALSE
	EndGlobalSection
EndGlobal
