
Microsoft Visual Studio Solution File, Format Version 12.00
# Visual Studio 14
VisualStudioVersion = 14.0.25123.0
MinimumVisualStudioVersion = 10.0.40219.1
Project("{FAE04EC0-301F-11D3-BF4B-00C04F79EFBC}") = "1. SimpleSend", "SimpleSend\1. SimpleSend.csproj", "{1CEE3A61-86D5-498A-AD06-13C434F37EBC}"
EndProject
Project("{FAE04EC0-301F-11D3-BF4B-00C04F79EFBC}") = "Messages", "Messages\Messages.csproj", "{7F64800F-235D-4BD7-A98D-4C23216BF851}"
EndProject
Project("{FAE04EC0-301F-11D3-BF4B-00C04F79EFBC}") = "1. SimpleReceive", "SimpleReceive\1. SimpleReceive.csproj", "{47D67B00-62B5-4313-9135-9D1583B33FE9}"
EndProject
Project("{FAE04EC0-301F-11D3-BF4B-00C04F79EFBC}") = "2. TransactionalReceive", "TransactionalReceive\2. TransactionalReceive.csproj", "{90B3928B-9E55-406F-A8AA-C5BD2FC534A0}"
EndProject
Project("{FAE04EC0-301F-11D3-BF4B-00C04F79EFBC}") = "2. TransactionalSend", "TransactionalSend\2. TransactionalSend.csproj", "{120CE930-82C1-4EB0-A8A7-BAFF44E04C63}"
EndProject
Project("{FAE04EC0-301F-11D3-BF4B-00C04F79EFBC}") = "3. SimpleTypeBasedRoutingSend", "SimpleTypeBasedRouting\3. SimpleTypeBasedRoutingSend.csproj", "{06E3FB88-2B1B-404B-9C2E-37B49C7DEFAC}"
EndProject
Project("{FAE04EC0-301F-11D3-BF4B-00C04F79EFBC}") = "3. TypeBasedManufacturer", "TypeBasedManufacturer\3. TypeBasedManufacturer.csproj", "{F8EE481B-E70D-4E4A-A330-A579AAB1FF96}"
EndProject
Project("{FAE04EC0-301F-11D3-BF4B-00C04F79EFBC}") = "3. TypeBasedCentralCommand", "TypeBasedCentralCommand\3. TypeBasedCentralCommand.csproj", "{411C388A-6BFD-478D-AFCF-17320298139F}"
EndProject
Project("{FAE04EC0-301F-11D3-BF4B-00C04F79EFBC}") = "4. SimplePubSubSend", "SimplePubSubSend\4. SimplePubSubSend.csproj", "{51567C94-4321-4C0B-AC6B-B3FDEBAA4E89}"
EndProject
Project("{FAE04EC0-301F-11D3-BF4B-00C04F79EFBC}") = "4. SimplePubSubBus", "SimplePubSubBus\4. SimplePubSubBus.csproj", "{D224F42E-1577-427F-BDB9-35C10223776E}"
EndProject
Project("{FAE04EC0-301F-11D3-BF4B-00C04F79EFBC}") = "4. SimplePubSubCentralCommand", "SimplePubSubCentralCommand\4. SimplePubSubCentralCommand.csproj", "{BE6E84A6-D459-4E3B-BEE0-449FE56230B2}"
EndProject
Project("{FAE04EC0-301F-11D3-BF4B-00C04F79EFBC}") = "4. SimplePubSubManufacturer", "PubSubManufacturer\4. SimplePubSubManufacturer.csproj", "{411E637E-918C-40C0-B410-3C2B28285B1C}"
EndProject
Project("{FAE04EC0-301F-11D3-BF4B-00C04F79EFBC}") = "5. StartingWithSagasBus", "StartingWithSagasBus\5. StartingWithSagasBus.csproj", "{3A028619-15E5-4120-B8C4-FDA40F5DFAE8}"
EndProject
Project("{FAE04EC0-301F-11D3-BF4B-00C04F79EFBC}") = "5. SagaInvasionCoordinator", "SagaInvasionCoordinator\5. SagaInvasionCoordinator.csproj", "{A834EC85-7050-4C5F-99D6-9E8D340CAD7C}"
EndProject
Project("{FAE04EC0-301F-11D3-BF4B-00C04F79EFBC}") = "5. SagaChurchill", "SagaChurchill\5. SagaChurchill.csproj", "{C3A4D335-9460-4CB1-8C87-F38E2A5750A6}"
EndProject
Project("{FAE04EC0-301F-11D3-BF4B-00C04F79EFBC}") = "5. SagaManufacturing", "SagaManufacturing\5. SagaManufacturing.csproj", "{13D5CB42-D084-4CF3-ACA2-D6EDEAD77CC0}"
EndProject
Project("{FAE04EC0-301F-11D3-BF4B-00C04F79EFBC}") = "5. SagaCentralCommand", "SagaCentralCommand\5. SagaCentralCommand.csproj", "{30D0579C-8FC5-480C-ACE3-770073CB6A4B}"
EndProject
Project("{FAE04EC0-301F-11D3-BF4B-00C04F79EFBC}") = "6. RecoverySend", "RecoverySend\6. RecoverySend.csproj", "{8DB8BB06-1C82-4A73-AEC5-A7DBF954EA4F}"
EndProject
Project("{FAE04EC0-301F-11D3-BF4B-00C04F79EFBC}") = "6. RecoveryReceive", "RecoveryReceive\6. RecoveryReceive.csproj", "{83976A7A-AF5C-4E27-A56E-3D0E7803A130}"
EndProject
Project("{FAE04EC0-301F-11D3-BF4B-00C04F79EFBC}") = "6. RecoveryBus", "RecoveryBus\6. RecoveryBus.csproj", "{CC1A0B1E-53E8-4BC2-BE75-19A8B591FD82}"
EndProject
Global
	GlobalSection(SolutionConfigurationPlatforms) = preSolution
		Debug|Any CPU = Debug|Any CPU
		Release|Any CPU = Release|Any CPU
	EndGlobalSection
	GlobalSection(ProjectConfigurationPlatforms) = postSolution
		{1CEE3A61-86D5-498A-AD06-13C434F37EBC}.Debug|Any CPU.ActiveCfg = Debug|Any CPU
		{1CEE3A61-86D5-498A-AD06-13C434F37EBC}.Debug|Any CPU.Build.0 = Debug|Any CPU
		{1CEE3A61-86D5-498A-AD06-13C434F37EBC}.Release|Any CPU.ActiveCfg = Release|Any CPU
		{1CEE3A61-86D5-498A-AD06-13C434F37EBC}.Release|Any CPU.Build.0 = Release|Any CPU
		{7F64800F-235D-4BD7-A98D-4C23216BF851}.Debug|Any CPU.ActiveCfg = Debug|Any CPU
		{7F64800F-235D-4BD7-A98D-4C23216BF851}.Debug|Any CPU.Build.0 = Debug|Any CPU
		{7F64800F-235D-4BD7-A98D-4C23216BF851}.Release|Any CPU.ActiveCfg = Release|Any CPU
		{7F64800F-235D-4BD7-A98D-4C23216BF851}.Release|Any CPU.Build.0 = Release|Any CPU
		{47D67B00-62B5-4313-9135-9D1583B33FE9}.Debug|Any CPU.ActiveCfg = Debug|Any CPU
		{47D67B00-62B5-4313-9135-9D1583B33FE9}.Debug|Any CPU.Build.0 = Debug|Any CPU
		{47D67B00-62B5-4313-9135-9D1583B33FE9}.Release|Any CPU.ActiveCfg = Release|Any CPU
		{47D67B00-62B5-4313-9135-9D1583B33FE9}.Release|Any CPU.Build.0 = Release|Any CPU
		{90B3928B-9E55-406F-A8AA-C5BD2FC534A0}.Debug|Any CPU.ActiveCfg = Debug|Any CPU
		{90B3928B-9E55-406F-A8AA-C5BD2FC534A0}.Debug|Any CPU.Build.0 = Debug|Any CPU
		{90B3928B-9E55-406F-A8AA-C5BD2FC534A0}.Release|Any CPU.ActiveCfg = Release|Any CPU
		{90B3928B-9E55-406F-A8AA-C5BD2FC534A0}.Release|Any CPU.Build.0 = Release|Any CPU
		{120CE930-82C1-4EB0-A8A7-BAFF44E04C63}.Debug|Any CPU.ActiveCfg = Debug|Any CPU
		{120CE930-82C1-4EB0-A8A7-BAFF44E04C63}.Debug|Any CPU.Build.0 = Debug|Any CPU
		{120CE930-82C1-4EB0-A8A7-BAFF44E04C63}.Release|Any CPU.ActiveCfg = Release|Any CPU
		{120CE930-82C1-4EB0-A8A7-BAFF44E04C63}.Release|Any CPU.Build.0 = Release|Any CPU
		{06E3FB88-2B1B-404B-9C2E-37B49C7DEFAC}.Debug|Any CPU.ActiveCfg = Debug|Any CPU
		{06E3FB88-2B1B-404B-9C2E-37B49C7DEFAC}.Debug|Any CPU.Build.0 = Debug|Any CPU
		{06E3FB88-2B1B-404B-9C2E-37B49C7DEFAC}.Release|Any CPU.ActiveCfg = Release|Any CPU
		{06E3FB88-2B1B-404B-9C2E-37B49C7DEFAC}.Release|Any CPU.Build.0 = Release|Any CPU
		{F8EE481B-E70D-4E4A-A330-A579AAB1FF96}.Debug|Any CPU.ActiveCfg = Debug|Any CPU
		{F8EE481B-E70D-4E4A-A330-A579AAB1FF96}.Debug|Any CPU.Build.0 = Debug|Any CPU
		{F8EE481B-E70D-4E4A-A330-A579AAB1FF96}.Release|Any CPU.ActiveCfg = Release|Any CPU
		{F8EE481B-E70D-4E4A-A330-A579AAB1FF96}.Release|Any CPU.Build.0 = Release|Any CPU
		{411C388A-6BFD-478D-AFCF-17320298139F}.Debug|Any CPU.ActiveCfg = Debug|Any CPU
		{411C388A-6BFD-478D-AFCF-17320298139F}.Debug|Any CPU.Build.0 = Debug|Any CPU
		{411C388A-6BFD-478D-AFCF-17320298139F}.Release|Any CPU.ActiveCfg = Release|Any CPU
		{411C388A-6BFD-478D-AFCF-17320298139F}.Release|Any CPU.Build.0 = Release|Any CPU
		{51567C94-4321-4C0B-AC6B-B3FDEBAA4E89}.Debug|Any CPU.ActiveCfg = Debug|Any CPU
		{51567C94-4321-4C0B-AC6B-B3FDEBAA4E89}.Debug|Any CPU.Build.0 = Debug|Any CPU
		{51567C94-4321-4C0B-AC6B-B3FDEBAA4E89}.Release|Any CPU.ActiveCfg = Release|Any CPU
		{51567C94-4321-4C0B-AC6B-B3FDEBAA4E89}.Release|Any CPU.Build.0 = Release|Any CPU
		{D224F42E-1577-427F-BDB9-35C10223776E}.Debug|Any CPU.ActiveCfg = Debug|Any CPU
		{D224F42E-1577-427F-BDB9-35C10223776E}.Debug|Any CPU.Build.0 = Debug|Any CPU
		{D224F42E-1577-427F-BDB9-35C10223776E}.Release|Any CPU.ActiveCfg = Release|Any CPU
		{D224F42E-1577-427F-BDB9-35C10223776E}.Release|Any CPU.Build.0 = Release|Any CPU
		{BE6E84A6-D459-4E3B-BEE0-449FE56230B2}.Debug|Any CPU.ActiveCfg = Debug|Any CPU
		{BE6E84A6-D459-4E3B-BEE0-449FE56230B2}.Debug|Any CPU.Build.0 = Debug|Any CPU
		{BE6E84A6-D459-4E3B-BEE0-449FE56230B2}.Release|Any CPU.ActiveCfg = Release|Any CPU
		{BE6E84A6-D459-4E3B-BEE0-449FE56230B2}.Release|Any CPU.Build.0 = Release|Any CPU
		{411E637E-918C-40C0-B410-3C2B28285B1C}.Debug|Any CPU.ActiveCfg = Debug|Any CPU
		{411E637E-918C-40C0-B410-3C2B28285B1C}.Debug|Any CPU.Build.0 = Debug|Any CPU
		{411E637E-918C-40C0-B410-3C2B28285B1C}.Release|Any CPU.ActiveCfg = Release|Any CPU
		{411E637E-918C-40C0-B410-3C2B28285B1C}.Release|Any CPU.Build.0 = Release|Any CPU
		{3A028619-15E5-4120-B8C4-FDA40F5DFAE8}.Debug|Any CPU.ActiveCfg = Debug|Any CPU
		{3A028619-15E5-4120-B8C4-FDA40F5DFAE8}.Debug|Any CPU.Build.0 = Debug|Any CPU
		{3A028619-15E5-4120-B8C4-FDA40F5DFAE8}.Release|Any CPU.ActiveCfg = Release|Any CPU
		{3A028619-15E5-4120-B8C4-FDA40F5DFAE8}.Release|Any CPU.Build.0 = Release|Any CPU
		{A834EC85-7050-4C5F-99D6-9E8D340CAD7C}.Debug|Any CPU.ActiveCfg = Debug|Any CPU
		{A834EC85-7050-4C5F-99D6-9E8D340CAD7C}.Debug|Any CPU.Build.0 = Debug|Any CPU
		{A834EC85-7050-4C5F-99D6-9E8D340CAD7C}.Release|Any CPU.ActiveCfg = Release|Any CPU
		{A834EC85-7050-4C5F-99D6-9E8D340CAD7C}.Release|Any CPU.Build.0 = Release|Any CPU
		{C3A4D335-9460-4CB1-8C87-F38E2A5750A6}.Debug|Any CPU.ActiveCfg = Debug|Any CPU
		{C3A4D335-9460-4CB1-8C87-F38E2A5750A6}.Debug|Any CPU.Build.0 = Debug|Any CPU
		{C3A4D335-9460-4CB1-8C87-F38E2A5750A6}.Release|Any CPU.ActiveCfg = Release|Any CPU
		{C3A4D335-9460-4CB1-8C87-F38E2A5750A6}.Release|Any CPU.Build.0 = Release|Any CPU
		{13D5CB42-D084-4CF3-ACA2-D6EDEAD77CC0}.Debug|Any CPU.ActiveCfg = Debug|Any CPU
		{13D5CB42-D084-4CF3-ACA2-D6EDEAD77CC0}.Debug|Any CPU.Build.0 = Debug|Any CPU
		{13D5CB42-D084-4CF3-ACA2-D6EDEAD77CC0}.Release|Any CPU.ActiveCfg = Release|Any CPU
		{13D5CB42-D084-4CF3-ACA2-D6EDEAD77CC0}.Release|Any CPU.Build.0 = Release|Any CPU
		{30D0579C-8FC5-480C-ACE3-770073CB6A4B}.Debug|Any CPU.ActiveCfg = Debug|Any CPU
		{30D0579C-8FC5-480C-ACE3-770073CB6A4B}.Debug|Any CPU.Build.0 = Debug|Any CPU
		{30D0579C-8FC5-480C-ACE3-770073CB6A4B}.Release|Any CPU.ActiveCfg = Release|Any CPU
		{30D0579C-8FC5-480C-ACE3-770073CB6A4B}.Release|Any CPU.Build.0 = Release|Any CPU
		{8DB8BB06-1C82-4A73-AEC5-A7DBF954EA4F}.Debug|Any CPU.ActiveCfg = Debug|Any CPU
		{8DB8BB06-1C82-4A73-AEC5-A7DBF954EA4F}.Debug|Any CPU.Build.0 = Debug|Any CPU
		{8DB8BB06-1C82-4A73-AEC5-A7DBF954EA4F}.Release|Any CPU.ActiveCfg = Release|Any CPU
		{8DB8BB06-1C82-4A73-AEC5-A7DBF954EA4F}.Release|Any CPU.Build.0 = Release|Any CPU
		{83976A7A-AF5C-4E27-A56E-3D0E7803A130}.Debug|Any CPU.ActiveCfg = Debug|Any CPU
		{83976A7A-AF5C-4E27-A56E-3D0E7803A130}.Debug|Any CPU.Build.0 = Debug|Any CPU
		{83976A7A-AF5C-4E27-A56E-3D0E7803A130}.Release|Any CPU.ActiveCfg = Release|Any CPU
		{83976A7A-AF5C-4E27-A56E-3D0E7803A130}.Release|Any CPU.Build.0 = Release|Any CPU
		{CC1A0B1E-53E8-4BC2-BE75-19A8B591FD82}.Debug|Any CPU.ActiveCfg = Debug|Any CPU
		{CC1A0B1E-53E8-4BC2-BE75-19A8B591FD82}.Debug|Any CPU.Build.0 = Debug|Any CPU
		{CC1A0B1E-53E8-4BC2-BE75-19A8B591FD82}.Release|Any CPU.ActiveCfg = Release|Any CPU
		{CC1A0B1E-53E8-4BC2-BE75-19A8B591FD82}.Release|Any CPU.Build.0 = Release|Any CPU
	EndGlobalSection
	GlobalSection(SolutionProperties) = preSolution
		HideSolutionNode = FALSE
	EndGlobalSection
EndGlobal
